{
  "name": "ton",
  "version": "1.0.0",
  "lockfileVersion": 3,
  "requires": true,
  "packages": {
    "": {
      "name": "ton",
      "version": "1.0.0",
      "license": "ISC",
      "dependencies": {
        "cmake": "^0.0.4",
        "make": "^0.0.0"
      }
    },
    "node_modules/cmake": {
      "version": "0.0.4",
      "resolved": "https://registry.npmjs.org/cmake/-/cmake-0.0.4.tgz",
      "integrity": "sha512-yxqewiJ257TANjm1Ad8ZMX6Xaihgu4dkRgwWNjoO56hswwy+bdb5bXraYAj2xRHs14HBS885ndyxajwyZEE7Dg==",
      "hasInstallScript": true
    },
    "node_modules/make": {
      "version": "0.0.0",
      "resolved": "https://registry.npmjs.org/make/-/make-0.0.0.tgz",
      "integrity": "sha512-Vpl+1xUyAtGtrK2HixcjEQB7MIEsGzJbCbkfmmqdQmf9mAaF+sY/uGiOZ1SszBeXRlKJt5GiwhsNVV5KVJf/Ew=="
    }
  }
}
